
Microsoft Visual Studio Solution File, Format Version 12.00
# Visual Studio Version 17
VisualStudioVersion = 17.0.32014.148
MinimumVisualStudioVersion = 10.0.40219.1
Project("{FAE04EC0-301F-11D3-BF4B-00C04F79EFBC}") = "Test", "Test\Test.csproj", "{C7668143-69DF-4F72-89E7-E5A0D03F15D0}"
EndProject
Global
	GlobalSection(SolutionConfigurationPlatforms) = preSolution
		Debug|Any CPU = Debug|Any CPU
		Debug|x64 = Debug|x64
		Release|Any CPU = Release|Any CPU
		Release|x64 = Release|x64
	EndGlobalSection
	GlobalSection(ProjectConfigurationPlatforms) = postSolution
		{C7668143-69DF-4F72-89E7-E5A0D03F15D0}.Debug|Any CPU.ActiveCfg = Debug|Any CPU
		{C7668143-69DF-4F72-89E7-E5A0D03F15D0}.Debug|Any CPU.Build.0 = Debug|Any CPU
		{C7668143-69DF-4F72-89E7-E5A0D03F15D0}.Debug|x64.ActiveCfg = Debug|Any CPU
		{C7668143-69DF-4F72-89E7-E5A0D03F15D0}.Debug|x64.Build.0 = Debug|Any CPU
		{C7668143-69DF-4F72-89E7-E5A0D03F15D0}.Release|Any CPU.ActiveCfg = Release|Any CPU
		{C7668143-69DF-4F72-89E7-E5A0D03F15D0}.Release|Any CPU.Build.0 = Release|Any CPU
		{C7668143-69DF-4F72-89E7-E5A0D03F15D0}.Release|x64.ActiveCfg = Release|Any CPU
		{C7668143-69DF-4F72-89E7-E5A0D03F15D0}.Release|x64.Build.0 = Release|Any CPU
	EndGlobalSection
	GlobalSection(SolutionProperties) = preSolution
		HideSolutionNode = FALSE
	EndGlobalSection
	GlobalSection(ExtensibilityGlobals) = postSolution
		SolutionGuid = {355838A3-BBCE-46A2-A29F-58E2687213DF}
	EndGlobalSection
EndGlobal
